// !$*UTF8*$!
{
	archiveVersion = 1;
	classes = {
	};
	objectVersion = 52;
	objects = {

/* Begin PBXBuildFile section */
		684948A725A54D9A00D70B09 /* TagsInputApp.swift in Sources */ = {isa = PBXBuildFile; fileRef = 684948A625A54D9A00D70B09 /* TagsInputApp.swift */; };
		684948A925A54D9A00D70B09 /* ContentView.swift in Sources */ = {isa = PBXBuildFile; fileRef = 684948A825A54D9A00D70B09 /* ContentView.swift */; };
		684948AB25A54D9E00D70B09 /* Assets.xcassets in Resources */ = {isa = PBXBuildFile; fileRef = 684948AA25A54D9E00D70B09 /* Assets.xcassets */; };
		684948AE25A54D9E00D70B09 /* Preview Assets.xcassets in Resources */ = {isa = PBXBuildFile; fileRef = 684948AD25A54D9E00D70B09 /* Preview Assets.xcassets */; };
		684948B925A58EE400D70B09 /* CustomTextField.swift in Sources */ = {isa = PBXBuildFile; fileRef = 684948B825A58EE400D70B09 /* CustomTextField.swift */; };
		6851B79925A794A70000726B /* NewInput.swift in Sources */ = {isa = PBXBuildFile; fileRef = 6851B79825A794A70000726B /* NewInput.swift */; };
		6851B79D25A799980000726B /* SwiftUILib.WrapStack in Frameworks */ = {isa = PBXBuildFile; productRef = 6851B79C25A799980000726B /* SwiftUILib.WrapStack */; };
		6851B7A025A7BD550000726B /* FinalInputs.swift in Sources */ = {isa = PBXBuildFile; fileRef = 6851B79F25A7BD550000726B /* FinalInputs.swift */; };
/* End PBXBuildFile section */

/* Begin PBXFileReference section */
		684948A325A54D9A00D70B09 /* TagsInput.app */ = {isa = PBXFileReference; explicitFileType = wrapper.application; includeInIndex = 0; path = TagsInput.app; sourceTree = BUILT_PRODUCTS_DIR; };
		684948A625A54D9A00D70B09 /* TagsInputApp.swift */ = {isa = PBXFileReference; lastKnownFileType = sourcecode.swift; path = TagsInputApp.swift; sourceTree = "<group>"; };
		684948A825A54D9A00D70B09 /* ContentView.swift */ = {isa = PBXFileReference; lastKnownFileType = sourcecode.swift; path = ContentView.swift; sourceTree = "<group>"; };
		684948AA25A54D9E00D70B09 /* Assets.xcassets */ = {isa = PBXFileReference; lastKnownFileType = folder.assetcatalog; path = Assets.xcassets; sourceTree = "<group>"; };
		684948AD25A54D9E00D70B09 /* Preview Assets.xcassets */ = {isa = PBXFileReference; lastKnownFileType = folder.assetcatalog; path = "Preview Assets.xcassets"; sourceTree = "<group>"; };
		684948AF25A54D9E00D70B09 /* Info.plist */ = {isa = PBXFileReference; lastKnownFileType = text.plist.xml; path = Info.plist; sourceTree = "<group>"; };
		684948B825A58EE400D70B09 /* CustomTextField.swift */ = {isa = PBXFileReference; lastKnownFileType = sourcecode.swift; path = CustomTextField.swift; sourceTree = "<group>"; };
		6851B79825A794A70000726B /* NewInput.swift */ = {isa = PBXFileReference; lastKnownFileType = sourcecode.swift; path = NewInput.swift; sourceTree = "<group>"; };
		6851B79F25A7BD550000726B /* FinalInputs.swift */ = {isa = PBXFileReference; lastKnownFileType = sourcecode.swift; path = FinalInputs.swift; sourceTree = "<group>"; };
/* End PBXFileReference section */

/* Begin PBXFrameworksBuildPhase section */
		684948A025A54D9A00D70B09 /* Frameworks */ = {
			isa = PBXFrameworksBuildPhase;
			buildActionMask = 2147483647;
			files = (
				6851B79D25A799980000726B /* SwiftUILib.WrapStack in Frameworks */,
			);
			runOnlyForDeploymentPostprocessing = 0;
		};
/* End PBXFrameworksBuildPhase section */

/* Begin PBXGroup section */
		6849489A25A54D9A00D70B09 = {
			isa = PBXGroup;
			children = (
				684948A525A54D9A00D70B09 /* TagsInput */,
				684948A425A54D9A00D70B09 /* Products */,
			);
			sourceTree = "<group>";
		};
		684948A425A54D9A00D70B09 /* Products */ = {
			isa = PBXGroup;
			children = (
				684948A325A54D9A00D70B09 /* TagsInput.app */,
			);
			name = Products;
			sourceTree = "<group>";
		};
		684948A525A54D9A00D70B09 /* TagsInput */ = {
			isa = PBXGroup;
			children = (
				684948A625A54D9A00D70B09 /* TagsInputApp.swift */,
				684948A825A54D9A00D70B09 /* ContentView.swift */,
				6851B79825A794A70000726B /* NewInput.swift */,
				684948B825A58EE400D70B09 /* CustomTextField.swift */,
				6851B79F25A7BD550000726B /* FinalInputs.swift */,
				684948AA25A54D9E00D70B09 /* Assets.xcassets */,
				684948AF25A54D9E00D70B09 /* Info.plist */,
				684948AC25A54D9E00D70B09 /* Preview Content */,
			);
			path = TagsInput;
			sourceTree = "<group>";
		};
		684948AC25A54D9E00D70B09 /* Preview Content */ = {
			isa = PBXGroup;
			children = (
				684948AD25A54D9E00D70B09 /* Preview Assets.xcassets */,
			);
			path = "Preview Content";
			sourceTree = "<group>";
		};
/* End PBXGroup section */

/* Begin PBXNativeTarget section */
		684948A225A54D9A00D70B09 /* TagsInput */ = {
			isa = PBXNativeTarget;
			buildConfigurationList = 684948B225A54D9E00D70B09 /* Build configuration list for PBXNativeTarget "TagsInput" */;
			buildPhases = (
				6849489F25A54D9A00D70B09 /* Sources */,
				684948A025A54D9A00D70B09 /* Frameworks */,
				684948A125A54D9A00D70B09 /* Resources */,
			);
			buildRules = (
			);
			dependencies = (
			);
			name = TagsInput;
			packageProductDependencies = (
				6851B79C25A799980000726B /* SwiftUILib.WrapStack */,
			);
			productName = TagsInput;
			productReference = 684948A325A54D9A00D70B09 /* TagsInput.app */;
			productType = "com.apple.product-type.application";
		};
/* End PBXNativeTarget section */

/* Begin PBXProject section */
		6849489B25A54D9A00D70B09 /* Project object */ = {
			isa = PBXProject;
			attributes = {
				LastSwiftUpdateCheck = 1230;
				LastUpgradeCheck = 1230;
				TargetAttributes = {
					684948A225A54D9A00D70B09 = {
						CreatedOnToolsVersion = 12.3;
					};
				};
			};
			buildConfigurationList = 6849489E25A54D9A00D70B09 /* Build configuration list for PBXProject "TagsInput" */;
			compatibilityVersion = "Xcode 9.3";
			developmentRegion = en;
			hasScannedForEncodings = 0;
			knownRegions = (
				en,
				Base,
			);
			mainGroup = 6849489A25A54D9A00D70B09;
			packageReferences = (
				6851B79B25A799980000726B /* XCRemoteSwiftPackageReference "wrap-stack" */,
			);
			productRefGroup = 684948A425A54D9A00D70B09 /* Products */;
			projectDirPath = "";
			projectRoot = "";
			targets = (
				684948A225A54D9A00D70B09 /* TagsInput */,
			);
		};
/* End PBXProject section */

/* Begin PBXResourcesBuildPhase section */
		684948A125A54D9A00D70B09 /* Resources */ = {
			isa = PBXResourcesBuildPhase;
			buildActionMask = 2147483647;
			files = (
				684948AE25A54D9E00D70B09 /* Preview Assets.xcassets in Resources */,
				684948AB25A54D9E00D70B09 /* Assets.xcassets in Resources */,
			);
			runOnlyForDeploymentPostprocessing = 0;
		};
/* End PBXResourcesBuildPhase section */

/* Begin PBXSourcesBuildPhase section */
		6849489F25A54D9A00D70B09 /* Sources */ = {
			isa = PBXSourcesBuildPhase;
			buildActionMask = 2147483647;
			files = (
				684948A925A54D9A00D70B09 /* ContentView.swift in Sources */,
				684948A725A54D9A00D70B09 /* TagsInputApp.swift in Sources */,
				6851B7A025A7BD550000726B /* FinalInputs.swift in Sources */,
				684948B925A58EE400D70B09 /* CustomTextField.swift in Sources */,
				6851B79925A794A70000726B /* NewInput.swift in Sources */,
			);
			runOnlyForDeploymentPostprocessing = 0;
		};
/* End PBXSourcesBuildPhase section */

/* Begin XCBuildConfiguration section */
		684948B025A54D9E00D70B09 /* Debug */ = {
			isa = XCBuildConfiguration;
			buildSettings = {
				ALWAYS_SEARCH_USER_PATHS = NO;
				CLANG_ANALYZER_NONNULL = YES;
				CLANG_ANALYZER_NUMBER_OBJECT_CONVERSION = YES_AGGRESSIVE;
				CLANG_CXX_LANGUAGE_STANDARD = "gnu++14";
				CLANG_CXX_LIBRARY = "libc++";
				CLANG_ENABLE_MODULES = YES;
				CLANG_ENABLE_OBJC_ARC = YES;
				CLANG_ENABLE_OBJC_WEAK = YES;
				CLANG_WARN_BLOCK_CAPTURE_AUTORELEASING = YES;
				CLANG_WARN_BOOL_CONVERSION = YES;
				CLANG_WARN_COMMA = YES;
				CLANG_WARN_CONSTANT_CONVERSION = YES;
				CLANG_WARN_DEPRECATED_OBJC_IMPLEMENTATIONS = YES;
				CLANG_WARN_DIRECT_OBJC_ISA_USAGE = YES_ERROR;
				CLANG_WARN_DOCUMENTATION_COMMENTS = YES;
				CLANG_WARN_EMPTY_BODY = YES;
				CLANG_WARN_ENUM_CONVERSION = YES;
				CLANG_WARN_INFINITE_RECURSION = YES;
				CLANG_WARN_INT_CONVERSION = YES;
				CLANG_WARN_NON_LITERAL_NULL_CONVERSION = YES;
				CLANG_WARN_OBJC_IMPLICIT_RETAIN_SELF = YES;
				CLANG_WARN_OBJC_LITERAL_CONVERSION = YES;
				CLANG_WARN_OBJC_ROOT_CLASS = YES_ERROR;
				CLANG_WARN_QUOTED_INCLUDE_IN_FRAMEWORK_HEADER = YES;
				CLANG_WARN_RANGE_LOOP_ANALYSIS = YES;
				CLANG_WARN_STRICT_PROTOTYPES = YES;
				CLANG_WARN_SUSPICIOUS_MOVE = YES;
				CLANG_WARN_UNGUARDED_AVAILABILITY = YES_AGGRESSIVE;
				CLANG_WARN_UNREACHABLE_CODE = YES;
				CLANG_WARN__DUPLICATE_METHOD_MATCH = YES;
				COPY_PHASE_STRIP = NO;
				DEBUG_INFORMATION_FORMAT = dwarf;
				ENABLE_STRICT_OBJC_MSGSEND = YES;
				ENABLE_TESTABILITY = YES;
				GCC_C_LANGUAGE_STANDARD = gnu11;
				GCC_DYNAMIC_NO_PIC = NO;
				GCC_NO_COMMON_BLOCKS = YES;
				GCC_OPTIMIZATION_LEVEL = 0;
				GCC_PREPROCESSOR_DEFINITIONS = (
					"DEBUG=1",
					"$(inherited)",
				);
				GCC_WARN_64_TO_32_BIT_CONVERSION = YES;
				GCC_WARN_ABOUT_RETURN_TYPE = YES_ERROR;
				GCC_WARN_UNDECLARED_SELECTOR = YES;
				GCC_WARN_UNINITIALIZED_AUTOS = YES_AGGRESSIVE;
				GCC_WARN_UNUSED_FUNCTION = YES;
				GCC_WARN_UNUSED_VARIABLE = YES;
				IPHONEOS_DEPLOYMENT_TARGET = 14.3;
				MTL_ENABLE_DEBUG_INFO = INCLUDE_SOURCE;
				MTL_FAST_MATH = YES;
				ONLY_ACTIVE_ARCH = YES;
				SDKROOT = iphoneos;
				SWIFT_ACTIVE_COMPILATION_CONDITIONS = DEBUG;
				SWIFT_OPTIMIZATION_LEVEL = "-Onone";
			};
			name = Debug;
		};
		684948B125A54D9E00D70B09 /* Release */ = {
			isa = XCBuildConfiguration;
			buildSettings = {
				ALWAYS_SEARCH_USER_PATHS = NO;
				CLANG_ANALYZER_NONNULL = YES;
				CLANG_ANALYZER_NUMBER_OBJECT_CONVERSION = YES_AGGRESSIVE;
				CLANG_CXX_LANGUAGE_STANDARD = "gnu++14";
				CLANG_CXX_LIBRARY = "libc++";
				CLANG_ENABLE_MODULES = YES;
				CLANG_ENABLE_OBJC_ARC = YES;
				CLANG_ENABLE_OBJC_WEAK = YES;
				CLANG_WARN_BLOCK_CAPTURE_AUTORELEASING = YES;
				CLANG_WARN_BOOL_CONVERSION = YES;
				CLANG_WARN_COMMA = YES;
				CLANG_WARN_CONSTANT_CONVERSION = YES;
				CLANG_WARN_DEPRECATED_OBJC_IMPLEMENTATIONS = YES;
				CLANG_WARN_DIRECT_OBJC_ISA_USAGE = YES_ERROR;
				CLANG_WARN_DOCUMENTATION_COMMENTS = YES;
				CLANG_WARN_EMPTY_BODY = YES;
				CLANG_WARN_ENUM_CONVERSION = YES;
				CLANG_WARN_INFINITE_RECURSION = YES;
				CLANG_WARN_INT_CONVERSION = YES;
				CLANG_WARN_NON_LITERAL_NULL_CONVERSION = YES;
				CLANG_WARN_OBJC_IMPLICIT_RETAIN_SELF = YES;
				CLANG_WARN_OBJC_LITERAL_CONVERSION = YES;
				CLANG_WARN_OBJC_ROOT_CLASS = YES_ERROR;
				CLANG_WARN_QUOTED_INCLUDE_IN_FRAMEWORK_HEADER = YES;
				CLANG_WARN_RANGE_LOOP_ANALYSIS = YES;
				CLANG_WARN_STRICT_PROTOTYPES = YES;
				CLANG_WARN_SUSPICIOUS_MOVE = YES;
				CLANG_WARN_UNGUARDED_AVAILABILITY = YES_AGGRESSIVE;
				CLANG_WARN_UNREACHABLE_CODE = YES;
				CLANG_WARN__DUPLICATE_METHOD_MATCH = YES;
				COPY_PHASE_STRIP = NO;
				DEBUG_INFORMATION_FORMAT = "dwarf-with-dsym";
				ENABLE_NS_ASSERTIONS = NO;
				ENABLE_STRICT_OBJC_MSGSEND = YES;
				GCC_C_LANGUAGE_STANDARD = gnu11;
				GCC_NO_COMMON_BLOCKS = YES;
				GCC_WARN_64_TO_32_BIT_CONVERSION = YES;
				GCC_WARN_ABOUT_RETURN_TYPE = YES_ERROR;
				GCC_WARN_UNDECLARED_SELECTOR = YES;
				GCC_WARN_UNINITIALIZED_AUTOS = YES_AGGRESSIVE;
				GCC_WARN_UNUSED_FUNCTION = YES;
				GCC_WARN_UNUSED_VARIABLE = YES;
				IPHONEOS_DEPLOYMENT_TARGET = 14.3;
				MTL_ENABLE_DEBUG_INFO = NO;
				MTL_FAST_MATH = YES;
				SDKROOT = iphoneos;
				SWIFT_COMPILATION_MODE = wholemodule;
				SWIFT_OPTIMIZATION_LEVEL = "-O";
				VALIDATE_PRODUCT = YES;
			};
			name = Release;
		};
		684948B325A54D9E00D70B09 /* Debug */ = {
			isa = XCBuildConfiguration;
			buildSettings = {
				ASSETCATALOG_COMPILER_APPICON_NAME = AppIcon;
				ASSETCATALOG_COMPILER_GLOBAL_ACCENT_COLOR_NAME = AccentColor;
				CODE_SIGN_STYLE = Automatic;
				DEVELOPMENT_ASSET_PATHS = "\"TagsInput/Preview Content\"";
				DEVELOPMENT_TEAM = 9X6KAWHGV4;
				ENABLE_PREVIEWS = YES;
				INFOPLIST_FILE = TagsInput/Info.plist;
				IPHONEOS_DEPLOYMENT_TARGET = 14.0;
				LD_RUNPATH_SEARCH_PATHS = (
					"$(inherited)",
					"@executable_path/Frameworks",
				);
				PRODUCT_BUNDLE_IDENTIFIER = com.garrettwesley.TagsInput;
				PRODUCT_NAME = "$(TARGET_NAME)";
				SWIFT_VERSION = 5.0;
				TARGETED_DEVICE_FAMILY = "1,2";
			};
			name = Debug;
		};
		684948B425A54D9E00D70B09 /* Release */ = {
			isa = XCBuildConfiguration;
			buildSettings = {
				ASSETCATALOG_COMPILER_APPICON_NAME = AppIcon;
				ASSETCATALOG_COMPILER_GLOBAL_ACCENT_COLOR_NAME = AccentColor;
				CODE_SIGN_STYLE = Automatic;
				DEVELOPMENT_ASSET_PATHS = "\"TagsInput/Preview Content\"";
				DEVELOPMENT_TEAM = 9X6KAWHGV4;
				ENABLE_PREVIEWS = YES;
				INFOPLIST_FILE = TagsInput/Info.plist;
				IPHONEOS_DEPLOYMENT_TARGET = 14.0;
				LD_RUNPATH_SEARCH_PATHS = (
					"$(inherited)",
					"@executable_path/Frameworks",
				);
				PRODUCT_BUNDLE_IDENTIFIER = com.garrettwesley.TagsInput;
				PRODUCT_NAME = "$(TARGET_NAME)";
				SWIFT_VERSION = 5.0;
				TARGETED_DEVICE_FAMILY = "1,2";
			};
			name = Release;
		};
/* End XCBuildConfiguration section */

/* Begin XCConfigurationList section */
		6849489E25A54D9A00D70B09 /* Build configuration list for PBXProject "TagsInput" */ = {
			isa = XCConfigurationList;
			buildConfigurations = (
				684948B025A54D9E00D70B09 /* Debug */,
				684948B125A54D9E00D70B09 /* Release */,
			);
			defaultConfigurationIsVisible = 0;
			defaultConfigurationName = Release;
		};
		684948B225A54D9E00D70B09 /* Build configuration list for PBXNativeTarget "TagsInput" */ = {
			isa = XCConfigurationList;
			buildConfigurations = (
				684948B325A54D9E00D70B09 /* Debug */,
				684948B425A54D9E00D70B09 /* Release */,
			);
			defaultConfigurationIsVisible = 0;
			defaultConfigurationName = Release;
		};
/* End XCConfigurationList section */

/* Begin XCRemoteSwiftPackageReference section */
		6851B79B25A799980000726B /* XCRemoteSwiftPackageReference "wrap-stack" */ = {
			isa = XCRemoteSwiftPackageReference;
			repositoryURL = "https://github.com/swiftuilib/wrap-stack";
			requirement = {
				branch = develop;
				kind = branch;
			};
		};
/* End XCRemoteSwiftPackageReference section */

/* Begin XCSwiftPackageProductDependency section */
		6851B79C25A799980000726B /* SwiftUILib.WrapStack */ = {
			isa = XCSwiftPackageProductDependency;
			package = 6851B79B25A799980000726B /* XCRemoteSwiftPackageReference "wrap-stack" */;
			productName = SwiftUILib.WrapStack;
		};
/* End XCSwiftPackageProductDependency section */
	};
	rootObject = 6849489B25A54D9A00D70B09 /* Project object */;
}
